
Microsoft Visual Studio Solution File, Format Version 12.00
# Visual Studio Version 16
VisualStudioVersion = 16.0.29728.190
MinimumVisualStudioVersion = 10.0.40219.1
Project("{FAE04EC0-301F-11D3-BF4B-00C04F79EFBC}") = "Grouper Capstone", "Grouper Capstone.csproj", "{0B2E02F0-3E06-4703-92C7-BDA602228B61}"
EndProject
Global
	GlobalSection(SolutionConfigurationPlatforms) = preSolution
		Debug|Any CPU = Debug|Any CPU
		Release|Any CPU = Release|Any CPU
	EndGlobalSection
	GlobalSection(ProjectConfigurationPlatforms) = postSolution
		{0B2E02F0-3E06-4703-92C7-BDA602228B61}.Debug|Any CPU.ActiveCfg = Debug|Any CPU
		{0B2E02F0-3E06-4703-92C7-BDA602228B61}.Debug|Any CPU.Build.0 = Debug|Any CPU
		{0B2E02F0-3E06-4703-92C7-BDA602228B61}.Release|Any CPU.ActiveCfg = Release|Any CPU
		{0B2E02F0-3E06-4703-92C7-BDA602228B61}.Release|Any CPU.Build.0 = Release|Any CPU
	EndGlobalSection
	GlobalSection(SolutionProperties) = preSolution
		HideSolutionNode = FALSE
	EndGlobalSection
	GlobalSection(ExtensibilityGlobals) = postSolution
		SolutionGuid = {BEC46A87-BB49-4B72-B244-F5F1E2EDC3F9}
	EndGlobalSection
EndGlobal
